// !$*UTF8*$!
{
	archiveVersion = 1;
	classes = {
	};
	objectVersion = 60;
	objects = {

/* Begin PBXBuildFile section */
		931B22C12C3B6392003A6436 /* BeMyHandsApp.swift in Sources */ = {isa = PBXBuildFile; fileRef = 931B22C02C3B6392003A6436 /* BeMyHandsApp.swift */; };
		931B22C32C3B6392003A6436 /* ContentView.swift in Sources */ = {isa = PBXBuildFile; fileRef = 931B22C22C3B6392003A6436 /* ContentView.swift */; };
		931B22C52C3B6393003A6436 /* Assets.xcassets in Resources */ = {isa = PBXBuildFile; fileRef = 931B22C42C3B6393003A6436 /* Assets.xcassets */; };
		931B22C82C3B6393003A6436 /* Preview Assets.xcassets in Resources */ = {isa = PBXBuildFile; fileRef = 931B22C72C3B6393003A6436 /* Preview Assets.xcassets */; };
		931B22D32C3B64C5003A6436 /* Access in Frameworks */ = {isa = PBXBuildFile; productRef = 931B22D22C3B64C5003A6436 /* Access */; };
		931B22D52C3B64C5003A6436 /* BeMyHandsKit in Frameworks */ = {isa = PBXBuildFile; productRef = 931B22D42C3B64C5003A6436 /* BeMyHandsKit */; };
		931B22D72C3B64C5003A6436 /* Element in Frameworks */ = {isa = PBXBuildFile; productRef = 931B22D62C3B64C5003A6436 /* Element */; };
		931B22D92C3B64C5003A6436 /* Input in Frameworks */ = {isa = PBXBuildFile; productRef = 931B22D82C3B64C5003A6436 /* Input */; };
		931B22DB2C3B64C5003A6436 /* Output in Frameworks */ = {isa = PBXBuildFile; productRef = 931B22DA2C3B64C5003A6436 /* Output */; };
		936F3EEC2C3BE541006FC333 /* OverlayWindow.swift in Sources */ = {isa = PBXBuildFile; fileRef = 936F3EEB2C3BE53B006FC333 /* OverlayWindow.swift */; };
		936F3EEE2C3BE5E9006FC333 /* OverlayManager.swift in Sources */ = {isa = PBXBuildFile; fileRef = 936F3EED2C3BE5E9006FC333 /* OverlayManager.swift */; };
		936F3EF02C3BE688006FC333 /* FramesViewController.swift in Sources */ = {isa = PBXBuildFile; fileRef = 936F3EEF2C3BE688006FC333 /* FramesViewController.swift */; };
		936F3EF42C3CA4FE006FC333 /* AccessManager.swift in Sources */ = {isa = PBXBuildFile; fileRef = 936F3EF32C3CA4F9006FC333 /* AccessManager.swift */; };
/* End PBXBuildFile section */

/* Begin PBXFileReference section */
		931B22BD2C3B6392003A6436 /* BeMyHands.app */ = {isa = PBXFileReference; explicitFileType = wrapper.application; includeInIndex = 0; path = BeMyHands.app; sourceTree = BUILT_PRODUCTS_DIR; };
		931B22C02C3B6392003A6436 /* BeMyHandsApp.swift */ = {isa = PBXFileReference; lastKnownFileType = sourcecode.swift; path = BeMyHandsApp.swift; sourceTree = "<group>"; };
		931B22C22C3B6392003A6436 /* ContentView.swift */ = {isa = PBXFileReference; lastKnownFileType = sourcecode.swift; path = ContentView.swift; sourceTree = "<group>"; };
		931B22C42C3B6393003A6436 /* Assets.xcassets */ = {isa = PBXFileReference; lastKnownFileType = folder.assetcatalog; path = Assets.xcassets; sourceTree = "<group>"; };
		931B22C72C3B6393003A6436 /* Preview Assets.xcassets */ = {isa = PBXFileReference; lastKnownFileType = folder.assetcatalog; path = "Preview Assets.xcassets"; sourceTree = "<group>"; };
		931B22C92C3B6393003A6436 /* BeMyHands.entitlements */ = {isa = PBXFileReference; lastKnownFileType = text.plist.entitlements; path = BeMyHands.entitlements; sourceTree = "<group>"; };
		931B22CF2C3B63DA003A6436 /* BeMyHandsKit */ = {isa = PBXFileReference; lastKnownFileType = wrapper; path = BeMyHandsKit; sourceTree = "<group>"; };
		931B22D02C3B64BE003A6436 /* Info.plist */ = {isa = PBXFileReference; lastKnownFileType = text.plist.xml; path = Info.plist; sourceTree = "<group>"; };
		931B22DC2C3B76A3003A6436 /* README.md */ = {isa = PBXFileReference; lastKnownFileType = net.daringfireball.markdown; path = README.md; sourceTree = "<group>"; };
		936F3EEB2C3BE53B006FC333 /* OverlayWindow.swift */ = {isa = PBXFileReference; lastKnownFileType = sourcecode.swift; path = OverlayWindow.swift; sourceTree = "<group>"; };
		936F3EED2C3BE5E9006FC333 /* OverlayManager.swift */ = {isa = PBXFileReference; lastKnownFileType = sourcecode.swift; path = OverlayManager.swift; sourceTree = "<group>"; };
		936F3EEF2C3BE688006FC333 /* FramesViewController.swift */ = {isa = PBXFileReference; lastKnownFileType = sourcecode.swift; path = FramesViewController.swift; sourceTree = "<group>"; };
		936F3EF32C3CA4F9006FC333 /* AccessManager.swift */ = {isa = PBXFileReference; lastKnownFileType = sourcecode.swift; path = AccessManager.swift; sourceTree = "<group>"; };
/* End PBXFileReference section */

/* Begin PBXFrameworksBuildPhase section */
		931B22BA2C3B6392003A6436 /* Frameworks */ = {
			isa = PBXFrameworksBuildPhase;
			buildActionMask = 2147483647;
			files = (
				931B22DB2C3B64C5003A6436 /* Output in Frameworks */,
				931B22D72C3B64C5003A6436 /* Element in Frameworks */,
				931B22D92C3B64C5003A6436 /* Input in Frameworks */,
				931B22D32C3B64C5003A6436 /* Access in Frameworks */,
				931B22D52C3B64C5003A6436 /* BeMyHandsKit in Frameworks */,
			);
			runOnlyForDeploymentPostprocessing = 0;
		};
/* End PBXFrameworksBuildPhase section */

/* Begin PBXGroup section */
		931B22B42C3B6391003A6436 = {
			isa = PBXGroup;
			children = (
				931B22DC2C3B76A3003A6436 /* README.md */,
				931B22CF2C3B63DA003A6436 /* BeMyHandsKit */,
				931B22BF2C3B6392003A6436 /* BeMyHands */,
				931B22BE2C3B6392003A6436 /* Products */,
				931B22D12C3B64C5003A6436 /* Frameworks */,
			);
			sourceTree = "<group>";
		};
		931B22BE2C3B6392003A6436 /* Products */ = {
			isa = PBXGroup;
			children = (
				931B22BD2C3B6392003A6436 /* BeMyHands.app */,
			);
			name = Products;
			sourceTree = "<group>";
		};
		931B22BF2C3B6392003A6436 /* BeMyHands */ = {
			isa = PBXGroup;
			children = (
				931B22DD2C3B794D003A6436 /* App */,
				936F3EEA2C3BE535006FC333 /* UI */,
				936F3EF22C3CA4E9006FC333 /* Model */,
			);
			path = BeMyHands;
			sourceTree = "<group>";
		};
		931B22C62C3B6393003A6436 /* Preview Content */ = {
			isa = PBXGroup;
			children = (
				931B22C72C3B6393003A6436 /* Preview Assets.xcassets */,
			);
			path = "Preview Content";
			sourceTree = "<group>";
		};
		931B22D12C3B64C5003A6436 /* Frameworks */ = {
			isa = PBXGroup;
			children = (
			);
			name = Frameworks;
			sourceTree = "<group>";
		};
		931B22DD2C3B794D003A6436 /* App */ = {
			isa = PBXGroup;
			children = (
				931B22C02C3B6392003A6436 /* BeMyHandsApp.swift */,
				931B22C22C3B6392003A6436 /* ContentView.swift */,
				931B22C42C3B6393003A6436 /* Assets.xcassets */,
				931B22D02C3B64BE003A6436 /* Info.plist */,
				931B22C92C3B6393003A6436 /* BeMyHands.entitlements */,
				931B22C62C3B6393003A6436 /* Preview Content */,
			);
			path = App;
			sourceTree = "<group>";
		};
		936F3EEA2C3BE535006FC333 /* UI */ = {
			isa = PBXGroup;
			children = (
				936F3EEB2C3BE53B006FC333 /* OverlayWindow.swift */,
				936F3EED2C3BE5E9006FC333 /* OverlayManager.swift */,
				936F3EEF2C3BE688006FC333 /* FramesViewController.swift */,
			);
			path = UI;
			sourceTree = "<group>";
		};
		936F3EF22C3CA4E9006FC333 /* Model */ = {
			isa = PBXGroup;
			children = (
				936F3EF32C3CA4F9006FC333 /* AccessManager.swift */,
			);
			path = Model;
			sourceTree = "<group>";
		};
/* End PBXGroup section */

/* Begin PBXNativeTarget section */
		931B22BC2C3B6392003A6436 /* BeMyHands */ = {
			isa = PBXNativeTarget;
			buildConfigurationList = 931B22CC2C3B6393003A6436 /* Build configuration list for PBXNativeTarget "BeMyHands" */;
			buildPhases = (
				931B22B92C3B6392003A6436 /* Sources */,
				931B22BA2C3B6392003A6436 /* Frameworks */,
				931B22BB2C3B6392003A6436 /* Resources */,
			);
			buildRules = (
			);
			dependencies = (
			);
			name = BeMyHands;
			packageProductDependencies = (
				931B22D22C3B64C5003A6436 /* Access */,
				931B22D42C3B64C5003A6436 /* BeMyHandsKit */,
				931B22D62C3B64C5003A6436 /* Element */,
				931B22D82C3B64C5003A6436 /* Input */,
				931B22DA2C3B64C5003A6436 /* Output */,
			);
			productName = BeMyHands;
			productReference = 931B22BD2C3B6392003A6436 /* BeMyHands.app */;
			productType = "com.apple.product-type.application";
		};
/* End PBXNativeTarget section */

/* Begin PBXProject section */
		931B22B52C3B6391003A6436 /* Project object */ = {
			isa = PBXProject;
			attributes = {
				BuildIndependentTargetsInParallel = 1;
				LastSwiftUpdateCheck = 1600;
				LastUpgradeCheck = 1600;
				TargetAttributes = {
					931B22BC2C3B6392003A6436 = {
						CreatedOnToolsVersion = 16.0;
					};
				};
			};
			buildConfigurationList = 931B22B82C3B6391003A6436 /* Build configuration list for PBXProject "BeMyHands" */;
			compatibilityVersion = "Xcode 15.0";
			developmentRegion = en;
			hasScannedForEncodings = 0;
			knownRegions = (
				en,
				Base,
			);
			mainGroup = 931B22B42C3B6391003A6436;
			productRefGroup = 931B22BE2C3B6392003A6436 /* Products */;
			projectDirPath = "";
			projectRoot = "";
			targets = (
				931B22BC2C3B6392003A6436 /* BeMyHands */,
			);
		};
/* End PBXProject section */

/* Begin PBXResourcesBuildPhase section */
		931B22BB2C3B6392003A6436 /* Resources */ = {
			isa = PBXResourcesBuildPhase;
			buildActionMask = 2147483647;
			files = (
				931B22C82C3B6393003A6436 /* Preview Assets.xcassets in Resources */,
				931B22C52C3B6393003A6436 /* Assets.xcassets in Resources */,
			);
			runOnlyForDeploymentPostprocessing = 0;
		};
/* End PBXResourcesBuildPhase section */

/* Begin PBXSourcesBuildPhase section */
		931B22B92C3B6392003A6436 /* Sources */ = {
			isa = PBXSourcesBuildPhase;
			buildActionMask = 2147483647;
			files = (
				936F3EEE2C3BE5E9006FC333 /* OverlayManager.swift in Sources */,
				931B22C32C3B6392003A6436 /* ContentView.swift in Sources */,
				936F3EEC2C3BE541006FC333 /* OverlayWindow.swift in Sources */,
				936F3EF42C3CA4FE006FC333 /* AccessManager.swift in Sources */,
				931B22C12C3B6392003A6436 /* BeMyHandsApp.swift in Sources */,
				936F3EF02C3BE688006FC333 /* FramesViewController.swift in Sources */,
			);
			runOnlyForDeploymentPostprocessing = 0;
		};
/* End PBXSourcesBuildPhase section */

/* Begin XCBuildConfiguration section */
		931B22CA2C3B6393003A6436 /* Debug */ = {
			isa = XCBuildConfiguration;
			buildSettings = {
				ALWAYS_SEARCH_USER_PATHS = NO;
				ASSETCATALOG_COMPILER_GENERATE_SWIFT_ASSET_SYMBOL_EXTENSIONS = YES;
				CLANG_ANALYZER_NONNULL = YES;
				CLANG_ANALYZER_NUMBER_OBJECT_CONVERSION = YES_AGGRESSIVE;
				CLANG_CXX_LANGUAGE_STANDARD = "gnu++20";
				CLANG_ENABLE_MODULES = YES;
				CLANG_ENABLE_OBJC_ARC = YES;
				CLANG_ENABLE_OBJC_WEAK = YES;
				CLANG_WARN_BLOCK_CAPTURE_AUTORELEASING = YES;
				CLANG_WARN_BOOL_CONVERSION = YES;
				CLANG_WARN_COMMA = YES;
				CLANG_WARN_CONSTANT_CONVERSION = YES;
				CLANG_WARN_DEPRECATED_OBJC_IMPLEMENTATIONS = YES;
				CLANG_WARN_DIRECT_OBJC_ISA_USAGE = YES_ERROR;
				CLANG_WARN_DOCUMENTATION_COMMENTS = YES;
				CLANG_WARN_EMPTY_BODY = YES;
				CLANG_WARN_ENUM_CONVERSION = YES;
				CLANG_WARN_INFINITE_RECURSION = YES;
				CLANG_WARN_INT_CONVERSION = YES;
				CLANG_WARN_NON_LITERAL_NULL_CONVERSION = YES;
				CLANG_WARN_OBJC_IMPLICIT_RETAIN_SELF = YES;
				CLANG_WARN_OBJC_LITERAL_CONVERSION = YES;
				CLANG_WARN_OBJC_ROOT_CLASS = YES_ERROR;
				CLANG_WARN_QUOTED_INCLUDE_IN_FRAMEWORK_HEADER = YES;
				CLANG_WARN_RANGE_LOOP_ANALYSIS = YES;
				CLANG_WARN_STRICT_PROTOTYPES = YES;
				CLANG_WARN_SUSPICIOUS_MOVE = YES;
				CLANG_WARN_UNGUARDED_AVAILABILITY = YES_AGGRESSIVE;
				CLANG_WARN_UNREACHABLE_CODE = YES;
				CLANG_WARN__DUPLICATE_METHOD_MATCH = YES;
				COPY_PHASE_STRIP = NO;
				DEBUG_INFORMATION_FORMAT = dwarf;
				ENABLE_STRICT_OBJC_MSGSEND = YES;
				ENABLE_TESTABILITY = YES;
				ENABLE_USER_SCRIPT_SANDBOXING = YES;
				GCC_C_LANGUAGE_STANDARD = gnu17;
				GCC_DYNAMIC_NO_PIC = NO;
				GCC_NO_COMMON_BLOCKS = YES;
				GCC_OPTIMIZATION_LEVEL = 0;
				GCC_PREPROCESSOR_DEFINITIONS = (
					"DEBUG=1",
					"$(inherited)",
				);
				GCC_WARN_64_TO_32_BIT_CONVERSION = YES;
				GCC_WARN_ABOUT_RETURN_TYPE = YES_ERROR;
				GCC_WARN_UNDECLARED_SELECTOR = YES;
				GCC_WARN_UNINITIALIZED_AUTOS = YES_AGGRESSIVE;
				GCC_WARN_UNUSED_FUNCTION = YES;
				GCC_WARN_UNUSED_VARIABLE = YES;
				LOCALIZATION_PREFERS_STRING_CATALOGS = YES;
				MACOSX_DEPLOYMENT_TARGET = 14.5;
				MTL_ENABLE_DEBUG_INFO = INCLUDE_SOURCE;
				MTL_FAST_MATH = YES;
				ONLY_ACTIVE_ARCH = YES;
				SDKROOT = macosx;
				SWIFT_ACTIVE_COMPILATION_CONDITIONS = "DEBUG $(inherited)";
				SWIFT_OPTIMIZATION_LEVEL = "-Onone";
			};
			name = Debug;
		};
		931B22CB2C3B6393003A6436 /* Release */ = {
			isa = XCBuildConfiguration;
			buildSettings = {
				ALWAYS_SEARCH_USER_PATHS = NO;
				ASSETCATALOG_COMPILER_GENERATE_SWIFT_ASSET_SYMBOL_EXTENSIONS = YES;
				CLANG_ANALYZER_NONNULL = YES;
				CLANG_ANALYZER_NUMBER_OBJECT_CONVERSION = YES_AGGRESSIVE;
				CLANG_CXX_LANGUAGE_STANDARD = "gnu++20";
				CLANG_ENABLE_MODULES = YES;
				CLANG_ENABLE_OBJC_ARC = YES;
				CLANG_ENABLE_OBJC_WEAK = YES;
				CLANG_WARN_BLOCK_CAPTURE_AUTORELEASING = YES;
				CLANG_WARN_BOOL_CONVERSION = YES;
				CLANG_WARN_COMMA = YES;
				CLANG_WARN_CONSTANT_CONVERSION = YES;
				CLANG_WARN_DEPRECATED_OBJC_IMPLEMENTATIONS = YES;
				CLANG_WARN_DIRECT_OBJC_ISA_USAGE = YES_ERROR;
				CLANG_WARN_DOCUMENTATION_COMMENTS = YES;
				CLANG_WARN_EMPTY_BODY = YES;
				CLANG_WARN_ENUM_CONVERSION = YES;
				CLANG_WARN_INFINITE_RECURSION = YES;
				CLANG_WARN_INT_CONVERSION = YES;
				CLANG_WARN_NON_LITERAL_NULL_CONVERSION = YES;
				CLANG_WARN_OBJC_IMPLICIT_RETAIN_SELF = YES;
				CLANG_WARN_OBJC_LITERAL_CONVERSION = YES;
				CLANG_WARN_OBJC_ROOT_CLASS = YES_ERROR;
				CLANG_WARN_QUOTED_INCLUDE_IN_FRAMEWORK_HEADER = YES;
				CLANG_WARN_RANGE_LOOP_ANALYSIS = YES;
				CLANG_WARN_STRICT_PROTOTYPES = YES;
				CLANG_WARN_SUSPICIOUS_MOVE = YES;
				CLANG_WARN_UNGUARDED_AVAILABILITY = YES_AGGRESSIVE;
				CLANG_WARN_UNREACHABLE_CODE = YES;
				CLANG_WARN__DUPLICATE_METHOD_MATCH = YES;
				COPY_PHASE_STRIP = NO;
				DEBUG_INFORMATION_FORMAT = "dwarf-with-dsym";
				ENABLE_NS_ASSERTIONS = NO;
				ENABLE_STRICT_OBJC_MSGSEND = YES;
				ENABLE_USER_SCRIPT_SANDBOXING = YES;
				GCC_C_LANGUAGE_STANDARD = gnu17;
				GCC_NO_COMMON_BLOCKS = YES;
				GCC_WARN_64_TO_32_BIT_CONVERSION = YES;
				GCC_WARN_ABOUT_RETURN_TYPE = YES_ERROR;
				GCC_WARN_UNDECLARED_SELECTOR = YES;
				GCC_WARN_UNINITIALIZED_AUTOS = YES_AGGRESSIVE;
				GCC_WARN_UNUSED_FUNCTION = YES;
				GCC_WARN_UNUSED_VARIABLE = YES;
				LOCALIZATION_PREFERS_STRING_CATALOGS = YES;
				MACOSX_DEPLOYMENT_TARGET = 14.5;
				MTL_ENABLE_DEBUG_INFO = NO;
				MTL_FAST_MATH = YES;
				SDKROOT = macosx;
				SWIFT_COMPILATION_MODE = wholemodule;
			};
			name = Release;
		};
		931B22CD2C3B6393003A6436 /* Debug */ = {
			isa = XCBuildConfiguration;
			buildSettings = {
				ASSETCATALOG_COMPILER_APPICON_NAME = AppIcon;
				ASSETCATALOG_COMPILER_GLOBAL_ACCENT_COLOR_NAME = AccentColor;
				CODE_SIGN_ENTITLEMENTS = BeMyHands/App/BeMyHands.entitlements;
				CODE_SIGN_STYLE = Automatic;
				COMBINE_HIDPI_IMAGES = YES;
				CURRENT_PROJECT_VERSION = 1;
				DEVELOPMENT_ASSET_PATHS = "\"BeMyHands/App/Preview Content\"";
				DEVELOPMENT_TEAM = Z88Z98GRZQ;
				ENABLE_HARDENED_RUNTIME = YES;
				ENABLE_PREVIEWS = YES;
				GENERATE_INFOPLIST_FILE = YES;
				INFOPLIST_FILE = BeMyHands/App/Info.plist;
				INFOPLIST_KEY_NSHumanReadableCopyright = "";
				LD_RUNPATH_SEARCH_PATHS = (
					"$(inherited)",
					"@executable_path/../Frameworks",
				);
				MARKETING_VERSION = 1.0;
				PRODUCT_BUNDLE_IDENTIFIER = com.kaithebuilder.BeMyHands;
				PRODUCT_NAME = "$(TARGET_NAME)";
				SWIFT_EMIT_LOC_STRINGS = YES;
				SWIFT_VERSION = 5.0;
			};
			name = Debug;
		};
		931B22CE2C3B6393003A6436 /* Release */ = {
			isa = XCBuildConfiguration;
			buildSettings = {
				ASSETCATALOG_COMPILER_APPICON_NAME = AppIcon;
				ASSETCATALOG_COMPILER_GLOBAL_ACCENT_COLOR_NAME = AccentColor;
				CODE_SIGN_ENTITLEMENTS = BeMyHands/App/BeMyHands.entitlements;
				CODE_SIGN_STYLE = Automatic;
				COMBINE_HIDPI_IMAGES = YES;
				CURRENT_PROJECT_VERSION = 1;
				DEVELOPMENT_ASSET_PATHS = "\"BeMyHands/App/Preview Content\"";
				DEVELOPMENT_TEAM = Z88Z98GRZQ;
				ENABLE_HARDENED_RUNTIME = YES;
				ENABLE_PREVIEWS = YES;
				GENERATE_INFOPLIST_FILE = YES;
				INFOPLIST_FILE = BeMyHands/App/Info.plist;
				INFOPLIST_KEY_NSHumanReadableCopyright = "";
				LD_RUNPATH_SEARCH_PATHS = (
					"$(inherited)",
					"@executable_path/../Frameworks",
				);
				MARKETING_VERSION = 1.0;
				PRODUCT_BUNDLE_IDENTIFIER = com.kaithebuilder.BeMyHands;
				PRODUCT_NAME = "$(TARGET_NAME)";
				SWIFT_EMIT_LOC_STRINGS = YES;
				SWIFT_VERSION = 5.0;
			};
			name = Release;
		};
/* End XCBuildConfiguration section */

/* Begin XCConfigurationList section */
		931B22B82C3B6391003A6436 /* Build configuration list for PBXProject "BeMyHands" */ = {
			isa = XCConfigurationList;
			buildConfigurations = (
				931B22CA2C3B6393003A6436 /* Debug */,
				931B22CB2C3B6393003A6436 /* Release */,
			);
			defaultConfigurationIsVisible = 0;
			defaultConfigurationName = Release;
		};
		931B22CC2C3B6393003A6436 /* Build configuration list for PBXNativeTarget "BeMyHands" */ = {
			isa = XCConfigurationList;
			buildConfigurations = (
				931B22CD2C3B6393003A6436 /* Debug */,
				931B22CE2C3B6393003A6436 /* Release */,
			);
			defaultConfigurationIsVisible = 0;
			defaultConfigurationName = Release;
		};
/* End XCConfigurationList section */

/* Begin XCSwiftPackageProductDependency section */
		931B22D22C3B64C5003A6436 /* Access */ = {
			isa = XCSwiftPackageProductDependency;
			productName = Access;
		};
		931B22D42C3B64C5003A6436 /* BeMyHandsKit */ = {
			isa = XCSwiftPackageProductDependency;
			productName = BeMyHandsKit;
		};
		931B22D62C3B64C5003A6436 /* Element */ = {
			isa = XCSwiftPackageProductDependency;
			productName = Element;
		};
		931B22D82C3B64C5003A6436 /* Input */ = {
			isa = XCSwiftPackageProductDependency;
			productName = Input;
		};
		931B22DA2C3B64C5003A6436 /* Output */ = {
			isa = XCSwiftPackageProductDependency;
			productName = Output;
		};
/* End XCSwiftPackageProductDependency section */
	};
	rootObject = 931B22B52C3B6391003A6436 /* Project object */;
}
