{
  "originHash" : "fc16612ec0480d19d66d7f6b0d45b37c54318684212e4ea45ae51a2573ab423e",
  "pins" : [
    {
      "identity" : "generative-ai-swift",
      "kind" : "remoteSourceControl",
      "location" : "https://github.com/google/generative-ai-swift",
      "state" : {
        "revision" : "54784005b57c2235a7669e0c12e8dafa68f0ca5f",
        "version" : "0.5.4"
      }
    }
  ],
  "version" : 3
}
